
Microsoft Visual Studio Solution File, Format Version 12.00
# Visual Studio for Mac
Project("{FAE04EC0-301F-11D3-BF4B-00C04F79EFBC}") = "Assembly-CSharp", "Assembly-CSharp.csproj", "{B8038F5A-02C8-AD01-6A64-DD72B0C719C4}"
EndProject
Project("{FAE04EC0-301F-11D3-BF4B-00C04F79EFBC}") = "Assembly-CSharp-firstpass", "Assembly-CSharp-firstpass.csproj", "{AE8EE82E-F448-9B93-0B31-5BE2DC11CD61}"
EndProject
Project("{FAE04EC0-301F-11D3-BF4B-00C04F79EFBC}") = "Assembly-CSharp-Editor-firstpass", "Assembly-CSharp-Editor-firstpass.csproj", "{4B0AE764-EC45-DB4B-A693-5DD5DC69F759}"
EndProject
Global
	GlobalSection(SolutionConfigurationPlatforms) = preSolution
		Debug|Any CPU = Debug|Any CPU
		Release|Any CPU = Release|Any CPU
	EndGlobalSection
	GlobalSection(ProjectConfigurationPlatforms) = postSolution
		{B8038F5A-02C8-AD01-6A64-DD72B0C719C4}.Debug|Any CPU.ActiveCfg = Debug|Any CPU
		{B8038F5A-02C8-AD01-6A64-DD72B0C719C4}.Debug|Any CPU.Build.0 = Debug|Any CPU
		{B8038F5A-02C8-AD01-6A64-DD72B0C719C4}.Release|Any CPU.ActiveCfg = Release|Any CPU
		{B8038F5A-02C8-AD01-6A64-DD72B0C719C4}.Release|Any CPU.Build.0 = Release|Any CPU
		{AE8EE82E-F448-9B93-0B31-5BE2DC11CD61}.Debug|Any CPU.ActiveCfg = Debug|Any CPU
		{AE8EE82E-F448-9B93-0B31-5BE2DC11CD61}.Debug|Any CPU.Build.0 = Debug|Any CPU
		{AE8EE82E-F448-9B93-0B31-5BE2DC11CD61}.Release|Any CPU.ActiveCfg = Release|Any CPU
		{AE8EE82E-F448-9B93-0B31-5BE2DC11CD61}.Release|Any CPU.Build.0 = Release|Any CPU
		{4B0AE764-EC45-DB4B-A693-5DD5DC69F759}.Debug|Any CPU.ActiveCfg = Debug|Any CPU
		{4B0AE764-EC45-DB4B-A693-5DD5DC69F759}.Debug|Any CPU.Build.0 = Debug|Any CPU
		{4B0AE764-EC45-DB4B-A693-5DD5DC69F759}.Release|Any CPU.ActiveCfg = Release|Any CPU
		{4B0AE764-EC45-DB4B-A693-5DD5DC69F759}.Release|Any CPU.Build.0 = Release|Any CPU
	EndGlobalSection
	GlobalSection(SolutionProperties) = preSolution
		HideSolutionNode = FALSE
	EndGlobalSection
	GlobalSection(MonoDevelopProperties) = preSolution
		StartupItem = Assembly-CSharp.csproj
	EndGlobalSection
EndGlobal
