
Microsoft Visual Studio Solution File, Format Version 12.00
# Visual Studio for Mac
Project("{FAE04EC0-301F-11D3-BF4B-00C04F79EFBC}") = "Assembly-CSharp", "Assembly-CSharp.csproj", "{209F08F6-10A0-1665-F098-CBBCD48C2FA7}"
EndProject
Project("{FAE04EC0-301F-11D3-BF4B-00C04F79EFBC}") = "Assembly-CSharp-firstpass", "Assembly-CSharp-firstpass.csproj", "{D8C001EF-C8A8-0CC3-1AE7-A977B2426343}"
EndProject
Project("{FAE04EC0-301F-11D3-BF4B-00C04F79EFBC}") = "Assembly-CSharp-Editor-firstpass", "Assembly-CSharp-Editor-firstpass.csproj", "{96883ABE-A0EC-90EA-9E7F-98D0221E5BAA}"
EndProject
Global
	GlobalSection(SolutionConfigurationPlatforms) = preSolution
		Debug|Any CPU = Debug|Any CPU
		Release|Any CPU = Release|Any CPU
	EndGlobalSection
	GlobalSection(ProjectConfigurationPlatforms) = postSolution
		{209F08F6-10A0-1665-F098-CBBCD48C2FA7}.Debug|Any CPU.ActiveCfg = Debug|Any CPU
		{209F08F6-10A0-1665-F098-CBBCD48C2FA7}.Debug|Any CPU.Build.0 = Debug|Any CPU
		{209F08F6-10A0-1665-F098-CBBCD48C2FA7}.Release|Any CPU.ActiveCfg = Release|Any CPU
		{209F08F6-10A0-1665-F098-CBBCD48C2FA7}.Release|Any CPU.Build.0 = Release|Any CPU
		{D8C001EF-C8A8-0CC3-1AE7-A977B2426343}.Debug|Any CPU.ActiveCfg = Debug|Any CPU
		{D8C001EF-C8A8-0CC3-1AE7-A977B2426343}.Debug|Any CPU.Build.0 = Debug|Any CPU
		{D8C001EF-C8A8-0CC3-1AE7-A977B2426343}.Release|Any CPU.ActiveCfg = Release|Any CPU
		{D8C001EF-C8A8-0CC3-1AE7-A977B2426343}.Release|Any CPU.Build.0 = Release|Any CPU
		{96883ABE-A0EC-90EA-9E7F-98D0221E5BAA}.Debug|Any CPU.ActiveCfg = Debug|Any CPU
		{96883ABE-A0EC-90EA-9E7F-98D0221E5BAA}.Debug|Any CPU.Build.0 = Debug|Any CPU
		{96883ABE-A0EC-90EA-9E7F-98D0221E5BAA}.Release|Any CPU.ActiveCfg = Release|Any CPU
		{96883ABE-A0EC-90EA-9E7F-98D0221E5BAA}.Release|Any CPU.Build.0 = Release|Any CPU
	EndGlobalSection
	GlobalSection(SolutionProperties) = preSolution
		HideSolutionNode = FALSE
	EndGlobalSection
	GlobalSection(MonoDevelopProperties) = preSolution
		StartupItem = Assembly-CSharp.csproj
	EndGlobalSection
EndGlobal
